# THIS IS AN AUTOGENERATED FILE. DO NOT EDIT THIS FILE DIRECTLY.
# yarn lockfile v1


"@slimio/is@^1.5.1":
  "integrity" "sha512-xQ0AgodIE8nHYy508AVmpxqnIr/Ytyz5Xm7I6NQU33+RvDzs94T9c0dTnUWuariByLr1geXXe6kMaTM9TcOIEA=="
  "resolved" "https://registry.npmjs.org/@slimio/is/-/is-1.5.1.tgz"
  "version" "1.5.1"

"@types/esprima@^4.0.2":
  "integrity" "sha512-DKqdyuy7Go7ir6iKhZ0jUvgt/h9Q5zb9xS+fLeeXD2QSHv8gC6TimgujBBGfw8dHrpx4+u2HlMv7pkYOOfuUqg=="
  "resolved" "https://registry.npmjs.org/@types/esprima/-/esprima-4.0.2.tgz"
  "version" "4.0.2"
  dependencies:
    "@types/estree" "*"

"@types/estree@*", "@types/estree@^0.0.51":
  "integrity" "sha512-CuPgU6f3eT/XgKKPqKd/gLZV1Xmvf1a2R5POBOGQa6uv82xpls89HU5zKeVoyR8XzHd1RGNOlQlvUe3CFkjWNQ=="
  "resolved" "https://registry.npmjs.org/@types/estree/-/estree-0.0.51.tgz"
  "version" "0.0.51"

"@types/node@^13.11.0":
  "integrity" "sha512-uM4mnmsIIPK/yeO+42F2RQhGUIs39K2RFmugcJANppXe6J1nvH87PvzPZYpza7Xhhs8Yn9yIAVdLZ84z61+0xQ=="
  "resolved" "https://registry.npmjs.org/@types/node/-/node-13.11.0.tgz"
  "version" "13.11.0"

"commander@^9.2.0":
  "integrity" "sha512-sRPT+umqkz90UA8M1yqYfnHlZA7fF6nSphDtxeywPZ49ysjxDQybzk13CL+mXekDRG92skbcqCLVovuCusNmFw=="
  "resolved" "https://registry.npmjs.org/commander/-/commander-9.4.0.tgz"
  "version" "9.4.0"

"esprima@^4.0.1":
  "integrity" "sha512-eGuFFw7Upda+g4p+QHvnW0RyTX/SVeJBDM/gCtMARO0cLuT2HcEKnTPvhjV6aGeqrCB/sbNop0Kszm0jsaWU4A=="
  "resolved" "https://registry.npmjs.org/esprima/-/esprima-4.0.1.tgz"
  "version" "4.0.1"

"node-estree@^3.1.0":
  "integrity" "sha512-Au8RrdfNCbvzT3/POUQjQnArLGpqXpuLrK0fU0acGSynjRA1CFWQ6mExO8HPR7mc9Q4RqemNJg/yTvm3E2nBqw=="
  "resolved" "https://registry.npmjs.org/node-estree/-/node-estree-3.1.0.tgz"
  "version" "3.1.0"
  dependencies:
    "@slimio/is" "^1.5.1"

"typescript@^4.7.4":
  "integrity" "sha512-C0WQT0gezHuw6AdY1M2jxUO83Rjf0HP7Sk1DtXj6j1EwkQNZrHAg2XPWlq62oqEhYvONq5pkC2Y9oPljWToLmQ=="
  "resolved" "https://registry.npmjs.org/typescript/-/typescript-4.7.4.tgz"
  "version" "4.7.4"
